
Microsoft Visual Studio Solution File, Format Version 12.00
# Visual Studio Version 17
VisualStudioVersion = 17.0.31903.59
MinimumVisualStudioVersion = 10.0.40219.1
Project("{2150E333-8FDC-42A3-9474-1A3956D46DE8}") = "src", "src", "{827E0CD3-B72D-47B6-A68D-7590B98EB39B}"
EndProject
Project("{FAE04EC0-301F-11D3-BF4B-00C04F79EFBC}") = "WeAmp.PageSpeed", "src\WeAmp.PageSpeed\WeAmp.PageSpeed.csproj", "{C32C5C24-CCC1-4323-9FDE-F9D035C00D84}"
EndProject
Project("{FAE04EC0-301F-11D3-BF4B-00C04F79EFBC}") = "WeAmp.PageSpeed.AspNetCore", "src\WeAmp.PageSpeed.AspNetCore\WeAmp.PageSpeed.AspNetCore.csproj", "{56EA171D-4455-40D8-8CEC-28FA503C305D}"
EndProject
Project("{FAE04EC0-301F-11D3-BF4B-00C04F79EFBC}") = "BasicWebApp", "samples\BasicWebApp\BasicWebApp.csproj", "{54E7194A-79DA-4312-828C-3EFAB017E3AD}"
EndProject
Project("{FAE04EC0-301F-11D3-BF4B-00C04F79EFBC}") = "WeAmp.PageSpeed.Tests", "test\WeAmp.PageSpeed.Tests\WeAmp.PageSpeed.Tests.csproj", "{4A5D3B48-FC24-43B6-B2A1-2FE3B05FFD7A}"
EndProject
Project("{FAE04EC0-301F-11D3-BF4B-00C04F79EFBC}") = "WeAmp.PageSpeed.AspNetCore.Tests", "test\WeAmp.PageSpeed.AspNetCore.Tests\WeAmp.PageSpeed.AspNetCore.Tests.csproj", "{81551627-EE61-49AD-8887-CA0467546955}"
EndProject
Project("{2150E333-8FDC-42A3-9474-1A3956D46DE8}") = "samples", "samples", "{5D20AA90-6969-D8BD-9DCD-8634F4692FDA}"
EndProject
Project("{FAE04EC0-301F-11D3-BF4B-00C04F79EFBC}") = "DemoSite", "samples\DemoSite\DemoSite.csproj", "{F1A3C576-5E71-4F42-9035-DFF88BF82116}"
EndProject
Project("{FAE04EC0-301F-11D3-BF4B-00C04F79EFBC}") = "WeAmp.PageSpeed.NativeAssets.Linux", "src\WeAmp.PageSpeed.NativeAssets.Linux\WeAmp.PageSpeed.NativeAssets.Linux.csproj", "{709F282D-043F-4446-9596-06DB417D86EE}"
EndProject
Project("{FAE04EC0-301F-11D3-BF4B-00C04F79EFBC}") = "WeAmp.PageSpeed.NativeAssets.macOS", "src\WeAmp.PageSpeed.NativeAssets.macOS\WeAmp.PageSpeed.NativeAssets.macOS.csproj", "{341B79F5-EE42-469F-BD30-79FD53ADC110}"
EndProject
Project("{FAE04EC0-301F-11D3-BF4B-00C04F79EFBC}") = "WeAmp.PageSpeed.NativeAssets.Windows", "src\WeAmp.PageSpeed.NativeAssets.Windows\WeAmp.PageSpeed.NativeAssets.Windows.csproj", "{F0F61D0F-F6BE-4963-AD9F-8DA0DB88EBFC}"
EndProject
Global
	GlobalSection(SolutionConfigurationPlatforms) = preSolution
		Debug|Any CPU = Debug|Any CPU
		Debug|x64 = Debug|x64
		Debug|x86 = Debug|x86
		Release|Any CPU = Release|Any CPU
		Release|x64 = Release|x64
		Release|x86 = Release|x86
	EndGlobalSection
	GlobalSection(ProjectConfigurationPlatforms) = postSolution
		{C32C5C24-CCC1-4323-9FDE-F9D035C00D84}.Debug|Any CPU.ActiveCfg = Debug|Any CPU
		{C32C5C24-CCC1-4323-9FDE-F9D035C00D84}.Debug|Any CPU.Build.0 = Debug|Any CPU
		{C32C5C24-CCC1-4323-9FDE-F9D035C00D84}.Debug|x64.ActiveCfg = Debug|Any CPU
		{C32C5C24-CCC1-4323-9FDE-F9D035C00D84}.Debug|x64.Build.0 = Debug|Any CPU
		{C32C5C24-CCC1-4323-9FDE-F9D035C00D84}.Debug|x86.ActiveCfg = Debug|Any CPU
		{C32C5C24-CCC1-4323-9FDE-F9D035C00D84}.Debug|x86.Build.0 = Debug|Any CPU
		{C32C5C24-CCC1-4323-9FDE-F9D035C00D84}.Release|Any CPU.ActiveCfg = Release|Any CPU
		{C32C5C24-CCC1-4323-9FDE-F9D035C00D84}.Release|Any CPU.Build.0 = Release|Any CPU
		{C32C5C24-CCC1-4323-9FDE-F9D035C00D84}.Release|x64.ActiveCfg = Release|Any CPU
		{C32C5C24-CCC1-4323-9FDE-F9D035C00D84}.Release|x64.Build.0 = Release|Any CPU
		{C32C5C24-CCC1-4323-9FDE-F9D035C00D84}.Release|x86.ActiveCfg = Release|Any CPU
		{C32C5C24-CCC1-4323-9FDE-F9D035C00D84}.Release|x86.Build.0 = Release|Any CPU
		{56EA171D-4455-40D8-8CEC-28FA503C305D}.Debug|Any CPU.ActiveCfg = Debug|Any CPU
		{56EA171D-4455-40D8-8CEC-28FA503C305D}.Debug|Any CPU.Build.0 = Debug|Any CPU
		{56EA171D-4455-40D8-8CEC-28FA503C305D}.Debug|x64.ActiveCfg = Debug|Any CPU
		{56EA171D-4455-40D8-8CEC-28FA503C305D}.Debug|x64.Build.0 = Debug|Any CPU
		{56EA171D-4455-40D8-8CEC-28FA503C305D}.Debug|x86.ActiveCfg = Debug|Any CPU
		{56EA171D-4455-40D8-8CEC-28FA503C305D}.Debug|x86.Build.0 = Debug|Any CPU
		{56EA171D-4455-40D8-8CEC-28FA503C305D}.Release|Any CPU.ActiveCfg = Release|Any CPU
		{56EA171D-4455-40D8-8CEC-28FA503C305D}.Release|Any CPU.Build.0 = Release|Any CPU
		{56EA171D-4455-40D8-8CEC-28FA503C305D}.Release|x64.ActiveCfg = Release|Any CPU
		{56EA171D-4455-40D8-8CEC-28FA503C305D}.Release|x64.Build.0 = Release|Any CPU
		{56EA171D-4455-40D8-8CEC-28FA503C305D}.Release|x86.ActiveCfg = Release|Any CPU
		{56EA171D-4455-40D8-8CEC-28FA503C305D}.Release|x86.Build.0 = Release|Any CPU
		{54E7194A-79DA-4312-828C-3EFAB017E3AD}.Debug|Any CPU.ActiveCfg = Debug|Any CPU
		{54E7194A-79DA-4312-828C-3EFAB017E3AD}.Debug|Any CPU.Build.0 = Debug|Any CPU
		{54E7194A-79DA-4312-828C-3EFAB017E3AD}.Debug|x64.ActiveCfg = Debug|Any CPU
		{54E7194A-79DA-4312-828C-3EFAB017E3AD}.Debug|x64.Build.0 = Debug|Any CPU
		{54E7194A-79DA-4312-828C-3EFAB017E3AD}.Debug|x86.ActiveCfg = Debug|Any CPU
		{54E7194A-79DA-4312-828C-3EFAB017E3AD}.Debug|x86.Build.0 = Debug|Any CPU
		{54E7194A-79DA-4312-828C-3EFAB017E3AD}.Release|Any CPU.ActiveCfg = Release|Any CPU
		{54E7194A-79DA-4312-828C-3EFAB017E3AD}.Release|Any CPU.Build.0 = Release|Any CPU
		{54E7194A-79DA-4312-828C-3EFAB017E3AD}.Release|x64.ActiveCfg = Release|Any CPU
		{54E7194A-79DA-4312-828C-3EFAB017E3AD}.Release|x64.Build.0 = Release|Any CPU
		{54E7194A-79DA-4312-828C-3EFAB017E3AD}.Release|x86.ActiveCfg = Release|Any CPU
		{54E7194A-79DA-4312-828C-3EFAB017E3AD}.Release|x86.Build.0 = Release|Any CPU
		{4A5D3B48-FC24-43B6-B2A1-2FE3B05FFD7A}.Debug|Any CPU.ActiveCfg = Debug|Any CPU
		{4A5D3B48-FC24-43B6-B2A1-2FE3B05FFD7A}.Debug|Any CPU.Build.0 = Debug|Any CPU
		{4A5D3B48-FC24-43B6-B2A1-2FE3B05FFD7A}.Debug|x64.ActiveCfg = Debug|Any CPU
		{4A5D3B48-FC24-43B6-B2A1-2FE3B05FFD7A}.Debug|x64.Build.0 = Debug|Any CPU
		{4A5D3B48-FC24-43B6-B2A1-2FE3B05FFD7A}.Debug|x86.ActiveCfg = Debug|Any CPU
		{4A5D3B48-FC24-43B6-B2A1-2FE3B05FFD7A}.Debug|x86.Build.0 = Debug|Any CPU
		{4A5D3B48-FC24-43B6-B2A1-2FE3B05FFD7A}.Release|Any CPU.ActiveCfg = Release|Any CPU
		{4A5D3B48-FC24-43B6-B2A1-2FE3B05FFD7A}.Release|Any CPU.Build.0 = Release|Any CPU
		{4A5D3B48-FC24-43B6-B2A1-2FE3B05FFD7A}.Release|x64.ActiveCfg = Release|Any CPU
		{4A5D3B48-FC24-43B6-B2A1-2FE3B05FFD7A}.Release|x64.Build.0 = Release|Any CPU
		{4A5D3B48-FC24-43B6-B2A1-2FE3B05FFD7A}.Release|x86.ActiveCfg = Release|Any CPU
		{4A5D3B48-FC24-43B6-B2A1-2FE3B05FFD7A}.Release|x86.Build.0 = Release|Any CPU
		{81551627-EE61-49AD-8887-CA0467546955}.Debug|Any CPU.ActiveCfg = Debug|Any CPU
		{81551627-EE61-49AD-8887-CA0467546955}.Debug|Any CPU.Build.0 = Debug|Any CPU
		{81551627-EE61-49AD-8887-CA0467546955}.Debug|x64.ActiveCfg = Debug|Any CPU
		{81551627-EE61-49AD-8887-CA0467546955}.Debug|x64.Build.0 = Debug|Any CPU
		{81551627-EE61-49AD-8887-CA0467546955}.Debug|x86.ActiveCfg = Debug|Any CPU
		{81551627-EE61-49AD-8887-CA0467546955}.Debug|x86.Build.0 = Debug|Any CPU
		{81551627-EE61-49AD-8887-CA0467546955}.Release|Any CPU.ActiveCfg = Release|Any CPU
		{81551627-EE61-49AD-8887-CA0467546955}.Release|Any CPU.Build.0 = Release|Any CPU
		{81551627-EE61-49AD-8887-CA0467546955}.Release|x64.ActiveCfg = Release|Any CPU
		{81551627-EE61-49AD-8887-CA0467546955}.Release|x64.Build.0 = Release|Any CPU
		{81551627-EE61-49AD-8887-CA0467546955}.Release|x86.ActiveCfg = Release|Any CPU
		{81551627-EE61-49AD-8887-CA0467546955}.Release|x86.Build.0 = Release|Any CPU
		{F1A3C576-5E71-4F42-9035-DFF88BF82116}.Debug|Any CPU.ActiveCfg = Debug|Any CPU
		{F1A3C576-5E71-4F42-9035-DFF88BF82116}.Debug|Any CPU.Build.0 = Debug|Any CPU
		{F1A3C576-5E71-4F42-9035-DFF88BF82116}.Debug|x64.ActiveCfg = Debug|Any CPU
		{F1A3C576-5E71-4F42-9035-DFF88BF82116}.Debug|x64.Build.0 = Debug|Any CPU
		{F1A3C576-5E71-4F42-9035-DFF88BF82116}.Debug|x86.ActiveCfg = Debug|Any CPU
		{F1A3C576-5E71-4F42-9035-DFF88BF82116}.Debug|x86.Build.0 = Debug|Any CPU
		{F1A3C576-5E71-4F42-9035-DFF88BF82116}.Release|Any CPU.ActiveCfg = Release|Any CPU
		{F1A3C576-5E71-4F42-9035-DFF88BF82116}.Release|Any CPU.Build.0 = Release|Any CPU
		{F1A3C576-5E71-4F42-9035-DFF88BF82116}.Release|x64.ActiveCfg = Release|Any CPU
		{F1A3C576-5E71-4F42-9035-DFF88BF82116}.Release|x64.Build.0 = Release|Any CPU
		{F1A3C576-5E71-4F42-9035-DFF88BF82116}.Release|x86.ActiveCfg = Release|Any CPU
		{F1A3C576-5E71-4F42-9035-DFF88BF82116}.Release|x86.Build.0 = Release|Any CPU
		{709F282D-043F-4446-9596-06DB417D86EE}.Debug|Any CPU.ActiveCfg = Debug|Any CPU
		{709F282D-043F-4446-9596-06DB417D86EE}.Debug|Any CPU.Build.0 = Debug|Any CPU
		{709F282D-043F-4446-9596-06DB417D86EE}.Debug|x64.ActiveCfg = Debug|Any CPU
		{709F282D-043F-4446-9596-06DB417D86EE}.Debug|x64.Build.0 = Debug|Any CPU
		{709F282D-043F-4446-9596-06DB417D86EE}.Debug|x86.ActiveCfg = Debug|Any CPU
		{709F282D-043F-4446-9596-06DB417D86EE}.Debug|x86.Build.0 = Debug|Any CPU
		{709F282D-043F-4446-9596-06DB417D86EE}.Release|Any CPU.ActiveCfg = Release|Any CPU
		{709F282D-043F-4446-9596-06DB417D86EE}.Release|Any CPU.Build.0 = Release|Any CPU
		{709F282D-043F-4446-9596-06DB417D86EE}.Release|x64.ActiveCfg = Release|Any CPU
		{709F282D-043F-4446-9596-06DB417D86EE}.Release|x64.Build.0 = Release|Any CPU
		{709F282D-043F-4446-9596-06DB417D86EE}.Release|x86.ActiveCfg = Release|Any CPU
		{709F282D-043F-4446-9596-06DB417D86EE}.Release|x86.Build.0 = Release|Any CPU
		{341B79F5-EE42-469F-BD30-79FD53ADC110}.Debug|Any CPU.ActiveCfg = Debug|Any CPU
		{341B79F5-EE42-469F-BD30-79FD53ADC110}.Debug|Any CPU.Build.0 = Debug|Any CPU
		{341B79F5-EE42-469F-BD30-79FD53ADC110}.Debug|x64.ActiveCfg = Debug|Any CPU
		{341B79F5-EE42-469F-BD30-79FD53ADC110}.Debug|x64.Build.0 = Debug|Any CPU
		{341B79F5-EE42-469F-BD30-79FD53ADC110}.Debug|x86.ActiveCfg = Debug|Any CPU
		{341B79F5-EE42-469F-BD30-79FD53ADC110}.Debug|x86.Build.0 = Debug|Any CPU
		{341B79F5-EE42-469F-BD30-79FD53ADC110}.Release|Any CPU.ActiveCfg = Release|Any CPU
		{341B79F5-EE42-469F-BD30-79FD53ADC110}.Release|Any CPU.Build.0 = Release|Any CPU
		{341B79F5-EE42-469F-BD30-79FD53ADC110}.Release|x64.ActiveCfg = Release|Any CPU
		{341B79F5-EE42-469F-BD30-79FD53ADC110}.Release|x64.Build.0 = Release|Any CPU
		{341B79F5-EE42-469F-BD30-79FD53ADC110}.Release|x86.ActiveCfg = Release|Any CPU
		{341B79F5-EE42-469F-BD30-79FD53ADC110}.Release|x86.Build.0 = Release|Any CPU
		{F0F61D0F-F6BE-4963-AD9F-8DA0DB88EBFC}.Debug|Any CPU.ActiveCfg = Debug|Any CPU
		{F0F61D0F-F6BE-4963-AD9F-8DA0DB88EBFC}.Debug|Any CPU.Build.0 = Debug|Any CPU
		{F0F61D0F-F6BE-4963-AD9F-8DA0DB88EBFC}.Debug|x64.ActiveCfg = Debug|Any CPU
		{F0F61D0F-F6BE-4963-AD9F-8DA0DB88EBFC}.Debug|x64.Build.0 = Debug|Any CPU
		{F0F61D0F-F6BE-4963-AD9F-8DA0DB88EBFC}.Debug|x86.ActiveCfg = Debug|Any CPU
		{F0F61D0F-F6BE-4963-AD9F-8DA0DB88EBFC}.Debug|x86.Build.0 = Debug|Any CPU
		{F0F61D0F-F6BE-4963-AD9F-8DA0DB88EBFC}.Release|Any CPU.ActiveCfg = Release|Any CPU
		{F0F61D0F-F6BE-4963-AD9F-8DA0DB88EBFC}.Release|Any CPU.Build.0 = Release|Any CPU
		{F0F61D0F-F6BE-4963-AD9F-8DA0DB88EBFC}.Release|x64.ActiveCfg = Release|Any CPU
		{F0F61D0F-F6BE-4963-AD9F-8DA0DB88EBFC}.Release|x64.Build.0 = Release|Any CPU
		{F0F61D0F-F6BE-4963-AD9F-8DA0DB88EBFC}.Release|x86.ActiveCfg = Release|Any CPU
		{F0F61D0F-F6BE-4963-AD9F-8DA0DB88EBFC}.Release|x86.Build.0 = Release|Any CPU
	EndGlobalSection
	GlobalSection(SolutionProperties) = preSolution
		HideSolutionNode = FALSE
	EndGlobalSection
	GlobalSection(NestedProjects) = preSolution
		{C32C5C24-CCC1-4323-9FDE-F9D035C00D84} = {827E0CD3-B72D-47B6-A68D-7590B98EB39B}
		{56EA171D-4455-40D8-8CEC-28FA503C305D} = {827E0CD3-B72D-47B6-A68D-7590B98EB39B}
		{54E7194A-79DA-4312-828C-3EFAB017E3AD} = {827E0CD3-B72D-47B6-A68D-7590B98EB39B}
		{4A5D3B48-FC24-43B6-B2A1-2FE3B05FFD7A} = {827E0CD3-B72D-47B6-A68D-7590B98EB39B}
		{81551627-EE61-49AD-8887-CA0467546955} = {827E0CD3-B72D-47B6-A68D-7590B98EB39B}
		{F1A3C576-5E71-4F42-9035-DFF88BF82116} = {5D20AA90-6969-D8BD-9DCD-8634F4692FDA}
		{709F282D-043F-4446-9596-06DB417D86EE} = {827E0CD3-B72D-47B6-A68D-7590B98EB39B}
		{341B79F5-EE42-469F-BD30-79FD53ADC110} = {827E0CD3-B72D-47B6-A68D-7590B98EB39B}
		{F0F61D0F-F6BE-4963-AD9F-8DA0DB88EBFC} = {827E0CD3-B72D-47B6-A68D-7590B98EB39B}
	EndGlobalSection
EndGlobal
